
Microsoft Visual Studio Solution File, Format Version 12.00
# Visual Studio Version 16
VisualStudioVersion = 16.0.30907.101
MinimumVisualStudioVersion = 10.0.40219.1
Project("{FAE04EC0-301F-11D3-BF4B-00C04F79EFBC}") = "Maly_rejestr", "Maly_rejestr.csproj", "{F1A7376C-3B72-4348-9421-DCFDAA6606A3}"
EndProject
Global
	GlobalSection(SolutionConfigurationPlatforms) = preSolution
		Debug|Any CPU = Debug|Any CPU
		Release|Any CPU = Release|Any CPU
	EndGlobalSection
	GlobalSection(ProjectConfigurationPlatforms) = postSolution
		{F1A7376C-3B72-4348-9421-DCFDAA6606A3}.Debug|Any CPU.ActiveCfg = Debug|Any CPU
		{F1A7376C-3B72-4348-9421-DCFDAA6606A3}.Debug|Any CPU.Build.0 = Debug|Any CPU
		{F1A7376C-3B72-4348-9421-DCFDAA6606A3}.Release|Any CPU.ActiveCfg = Release|Any CPU
		{F1A7376C-3B72-4348-9421-DCFDAA6606A3}.Release|Any CPU.Build.0 = Release|Any CPU
	EndGlobalSection
	GlobalSection(SolutionProperties) = preSolution
		HideSolutionNode = FALSE
	EndGlobalSection
	GlobalSection(ExtensibilityGlobals) = postSolution
		SolutionGuid = {FD127712-5E24-4131-B367-CE41FA30BB75}
	EndGlobalSection
EndGlobal
